
Microsoft Visual Studio Solution File, Format Version 12.00
# Visual Studio Version 17
VisualStudioVersion = 17.5.33516.290
MinimumVisualStudioVersion = 10.0.40219.1
Project("{FAE04EC0-301F-11D3-BF4B-00C04F79EFBC}") = "ALEL_Hastane_Otomasyonu_", "ALEL_Hastane_Otomasyonu_\ALEL_Hastane_Otomasyonu_.csproj", "{D926E374-FEB9-4AE0-BE3A-6DC219C31E09}"
EndProject
Global
	GlobalSection(SolutionConfigurationPlatforms) = preSolution
		Debug|Any CPU = Debug|Any CPU
		Release|Any CPU = Release|Any CPU
	EndGlobalSection
	GlobalSection(ProjectConfigurationPlatforms) = postSolution
		{D926E374-FEB9-4AE0-BE3A-6DC219C31E09}.Debug|Any CPU.ActiveCfg = Debug|Any CPU
		{D926E374-FEB9-4AE0-BE3A-6DC219C31E09}.Debug|Any CPU.Build.0 = Debug|Any CPU
		{D926E374-FEB9-4AE0-BE3A-6DC219C31E09}.Release|Any CPU.ActiveCfg = Release|Any CPU
		{D926E374-FEB9-4AE0-BE3A-6DC219C31E09}.Release|Any CPU.Build.0 = Release|Any CPU
	EndGlobalSection
	GlobalSection(SolutionProperties) = preSolution
		HideSolutionNode = FALSE
	EndGlobalSection
	GlobalSection(ExtensibilityGlobals) = postSolution
		SolutionGuid = {176960B1-8F31-4CD1-9870-8A81A96648AE}
	EndGlobalSection
EndGlobal
